
Microsoft Visual Studio Solution File, Format Version 12.00
# Visual Studio Version 17
VisualStudioVersion = 17.11.35312.102
MinimumVisualStudioVersion = 10.0.40219.1
Project("{9A19103F-16F7-4668-BE54-9A1E7A4F7556}") = "WebApplication1", "WebApplication1\WebApplication1.csproj", "{62F3310D-80E8-45A7-BD93-0423BF6D6335}"
EndProject
Project("{FAE04EC0-301F-11D3-BF4B-00C04F79EFBC}") = "Gerenciamento de tarefas", "Gerenciamento de tarefas\Gerenciamento de tarefas.csproj", "{24D02B39-02E1-43F4-979C-D5A50DC93D33}"
EndProject
Global
	GlobalSection(SolutionConfigurationPlatforms) = preSolution
		Debug|Any CPU = Debug|Any CPU
		Release|Any CPU = Release|Any CPU
	EndGlobalSection
	GlobalSection(ProjectConfigurationPlatforms) = postSolution
		{62F3310D-80E8-45A7-BD93-0423BF6D6335}.Debug|Any CPU.ActiveCfg = Debug|Any CPU
		{62F3310D-80E8-45A7-BD93-0423BF6D6335}.Debug|Any CPU.Build.0 = Debug|Any CPU
		{62F3310D-80E8-45A7-BD93-0423BF6D6335}.Release|Any CPU.ActiveCfg = Release|Any CPU
		{62F3310D-80E8-45A7-BD93-0423BF6D6335}.Release|Any CPU.Build.0 = Release|Any CPU
		{24D02B39-02E1-43F4-979C-D5A50DC93D33}.Debug|Any CPU.ActiveCfg = Debug|Any CPU
		{24D02B39-02E1-43F4-979C-D5A50DC93D33}.Debug|Any CPU.Build.0 = Debug|Any CPU
		{24D02B39-02E1-43F4-979C-D5A50DC93D33}.Release|Any CPU.ActiveCfg = Release|Any CPU
		{24D02B39-02E1-43F4-979C-D5A50DC93D33}.Release|Any CPU.Build.0 = Release|Any CPU
	EndGlobalSection
	GlobalSection(SolutionProperties) = preSolution
		HideSolutionNode = FALSE
	EndGlobalSection
	GlobalSection(ExtensibilityGlobals) = postSolution
		SolutionGuid = {0FE0DDA4-8396-4963-920E-728235C76DC4}
	EndGlobalSection
EndGlobal
